
Microsoft Visual Studio Solution File, Format Version 12.00
# Visual Studio Version 16
VisualStudioVersion = 16.0.32002.261
MinimumVisualStudioVersion = 10.0.40219.1
Project("{8BC9CEB8-8B4A-11D0-8D11-00A0C91BC942}") = "ex3-10", "ex3-10\ex3-10.vcxproj", "{ACCF3A9F-E9D8-48FB-989D-687ADAAE69EE}"
EndProject
Global
	GlobalSection(SolutionConfigurationPlatforms) = preSolution
		Debug|x64 = Debug|x64
		Debug|x86 = Debug|x86
		Release|x64 = Release|x64
		Release|x86 = Release|x86
	EndGlobalSection
	GlobalSection(ProjectConfigurationPlatforms) = postSolution
		{ACCF3A9F-E9D8-48FB-989D-687ADAAE69EE}.Debug|x64.ActiveCfg = Debug|x64
		{ACCF3A9F-E9D8-48FB-989D-687ADAAE69EE}.Debug|x64.Build.0 = Debug|x64
		{ACCF3A9F-E9D8-48FB-989D-687ADAAE69EE}.Debug|x86.ActiveCfg = Debug|Win32
		{ACCF3A9F-E9D8-48FB-989D-687ADAAE69EE}.Debug|x86.Build.0 = Debug|Win32
		{ACCF3A9F-E9D8-48FB-989D-687ADAAE69EE}.Release|x64.ActiveCfg = Release|x64
		{ACCF3A9F-E9D8-48FB-989D-687ADAAE69EE}.Release|x64.Build.0 = Release|x64
		{ACCF3A9F-E9D8-48FB-989D-687ADAAE69EE}.Release|x86.ActiveCfg = Release|Win32
		{ACCF3A9F-E9D8-48FB-989D-687ADAAE69EE}.Release|x86.Build.0 = Release|Win32
	EndGlobalSection
	GlobalSection(SolutionProperties) = preSolution
		HideSolutionNode = FALSE
	EndGlobalSection
	GlobalSection(ExtensibilityGlobals) = postSolution
		SolutionGuid = {D0FEA401-D75B-4FD0-84F7-D3B05948E730}
	EndGlobalSection
EndGlobal
