
Microsoft Visual Studio Solution File, Format Version 12.00
# Visual Studio Version 16
VisualStudioVersion = 16.0.32002.261
MinimumVisualStudioVersion = 10.0.40219.1
Project("{8BC9CEB8-8B4A-11D0-8D11-00A0C91BC942}") = "ex2-12", "ex2-12\ex2-12.vcxproj", "{A5945FF1-CE25-4500-8907-5C88ECE6259F}"
EndProject
Global
	GlobalSection(SolutionConfigurationPlatforms) = preSolution
		Debug|x64 = Debug|x64
		Debug|x86 = Debug|x86
		Release|x64 = Release|x64
		Release|x86 = Release|x86
	EndGlobalSection
	GlobalSection(ProjectConfigurationPlatforms) = postSolution
		{A5945FF1-CE25-4500-8907-5C88ECE6259F}.Debug|x64.ActiveCfg = Debug|x64
		{A5945FF1-CE25-4500-8907-5C88ECE6259F}.Debug|x64.Build.0 = Debug|x64
		{A5945FF1-CE25-4500-8907-5C88ECE6259F}.Debug|x86.ActiveCfg = Debug|Win32
		{A5945FF1-CE25-4500-8907-5C88ECE6259F}.Debug|x86.Build.0 = Debug|Win32
		{A5945FF1-CE25-4500-8907-5C88ECE6259F}.Release|x64.ActiveCfg = Release|x64
		{A5945FF1-CE25-4500-8907-5C88ECE6259F}.Release|x64.Build.0 = Release|x64
		{A5945FF1-CE25-4500-8907-5C88ECE6259F}.Release|x86.ActiveCfg = Release|Win32
		{A5945FF1-CE25-4500-8907-5C88ECE6259F}.Release|x86.Build.0 = Release|Win32
	EndGlobalSection
	GlobalSection(SolutionProperties) = preSolution
		HideSolutionNode = FALSE
	EndGlobalSection
	GlobalSection(ExtensibilityGlobals) = postSolution
		SolutionGuid = {69D4E703-AEF8-4F66-BEC6-9C490359B4A4}
	EndGlobalSection
EndGlobal
