
Microsoft Visual Studio Solution File, Format Version 12.00
# Visual Studio Version 17
VisualStudioVersion = 17.5.33424.131
MinimumVisualStudioVersion = 10.0.40219.1
Project("{8BC9CEB8-8B4A-11D0-8D11-00A0C91BC942}") = "ex3-4", "ex3-4\ex3-4.vcxproj", "{B24B51AF-D2D3-4D7C-BBE3-2E3DA4DF73CC}"
EndProject
Global
	GlobalSection(SolutionConfigurationPlatforms) = preSolution
		Debug|x64 = Debug|x64
		Debug|x86 = Debug|x86
		Release|x64 = Release|x64
		Release|x86 = Release|x86
	EndGlobalSection
	GlobalSection(ProjectConfigurationPlatforms) = postSolution
		{B24B51AF-D2D3-4D7C-BBE3-2E3DA4DF73CC}.Debug|x64.ActiveCfg = Debug|x64
		{B24B51AF-D2D3-4D7C-BBE3-2E3DA4DF73CC}.Debug|x64.Build.0 = Debug|x64
		{B24B51AF-D2D3-4D7C-BBE3-2E3DA4DF73CC}.Debug|x86.ActiveCfg = Debug|Win32
		{B24B51AF-D2D3-4D7C-BBE3-2E3DA4DF73CC}.Debug|x86.Build.0 = Debug|Win32
		{B24B51AF-D2D3-4D7C-BBE3-2E3DA4DF73CC}.Release|x64.ActiveCfg = Release|x64
		{B24B51AF-D2D3-4D7C-BBE3-2E3DA4DF73CC}.Release|x64.Build.0 = Release|x64
		{B24B51AF-D2D3-4D7C-BBE3-2E3DA4DF73CC}.Release|x86.ActiveCfg = Release|Win32
		{B24B51AF-D2D3-4D7C-BBE3-2E3DA4DF73CC}.Release|x86.Build.0 = Release|Win32
	EndGlobalSection
	GlobalSection(SolutionProperties) = preSolution
		HideSolutionNode = FALSE
	EndGlobalSection
	GlobalSection(ExtensibilityGlobals) = postSolution
		SolutionGuid = {13916E31-AF76-4367-9B94-3F4A2874097D}
	EndGlobalSection
EndGlobal
