
Microsoft Visual Studio Solution File, Format Version 12.00
# Visual Studio Version 17
VisualStudioVersion = 17.5.33424.131
MinimumVisualStudioVersion = 10.0.40219.1
Project("{8BC9CEB8-8B4A-11D0-8D11-00A0C91BC942}") = "ex9-10", "ex9-10\ex9-10.vcxproj", "{A76AF3DD-2AFE-42B6-BAC4-E18E878FFFDE}"
EndProject
Global
	GlobalSection(SolutionConfigurationPlatforms) = preSolution
		Debug|x64 = Debug|x64
		Debug|x86 = Debug|x86
		Release|x64 = Release|x64
		Release|x86 = Release|x86
	EndGlobalSection
	GlobalSection(ProjectConfigurationPlatforms) = postSolution
		{A76AF3DD-2AFE-42B6-BAC4-E18E878FFFDE}.Debug|x64.ActiveCfg = Debug|x64
		{A76AF3DD-2AFE-42B6-BAC4-E18E878FFFDE}.Debug|x64.Build.0 = Debug|x64
		{A76AF3DD-2AFE-42B6-BAC4-E18E878FFFDE}.Debug|x86.ActiveCfg = Debug|Win32
		{A76AF3DD-2AFE-42B6-BAC4-E18E878FFFDE}.Debug|x86.Build.0 = Debug|Win32
		{A76AF3DD-2AFE-42B6-BAC4-E18E878FFFDE}.Release|x64.ActiveCfg = Release|x64
		{A76AF3DD-2AFE-42B6-BAC4-E18E878FFFDE}.Release|x64.Build.0 = Release|x64
		{A76AF3DD-2AFE-42B6-BAC4-E18E878FFFDE}.Release|x86.ActiveCfg = Release|Win32
		{A76AF3DD-2AFE-42B6-BAC4-E18E878FFFDE}.Release|x86.Build.0 = Release|Win32
	EndGlobalSection
	GlobalSection(SolutionProperties) = preSolution
		HideSolutionNode = FALSE
	EndGlobalSection
	GlobalSection(ExtensibilityGlobals) = postSolution
		SolutionGuid = {A1EC66F9-725C-4949-8A08-D2AA1521F89E}
	EndGlobalSection
EndGlobal
