
Microsoft Visual Studio Solution File, Format Version 12.00
# Visual Studio Version 16
VisualStudioVersion = 16.0.32002.261
MinimumVisualStudioVersion = 10.0.40219.1
Project("{8BC9CEB8-8B4A-11D0-8D11-00A0C91BC942}") = "ex5-11", "ex5-11.vcxproj", "{23299825-92D5-4776-A1D1-5BEEACB405AE}"
EndProject
Global
	GlobalSection(SolutionConfigurationPlatforms) = preSolution
		Debug|x64 = Debug|x64
		Debug|x86 = Debug|x86
		Release|x64 = Release|x64
		Release|x86 = Release|x86
	EndGlobalSection
	GlobalSection(ProjectConfigurationPlatforms) = postSolution
		{23299825-92D5-4776-A1D1-5BEEACB405AE}.Debug|x64.ActiveCfg = Debug|x64
		{23299825-92D5-4776-A1D1-5BEEACB405AE}.Debug|x64.Build.0 = Debug|x64
		{23299825-92D5-4776-A1D1-5BEEACB405AE}.Debug|x86.ActiveCfg = Debug|Win32
		{23299825-92D5-4776-A1D1-5BEEACB405AE}.Debug|x86.Build.0 = Debug|Win32
		{23299825-92D5-4776-A1D1-5BEEACB405AE}.Release|x64.ActiveCfg = Release|x64
		{23299825-92D5-4776-A1D1-5BEEACB405AE}.Release|x64.Build.0 = Release|x64
		{23299825-92D5-4776-A1D1-5BEEACB405AE}.Release|x86.ActiveCfg = Release|Win32
		{23299825-92D5-4776-A1D1-5BEEACB405AE}.Release|x86.Build.0 = Release|Win32
	EndGlobalSection
	GlobalSection(SolutionProperties) = preSolution
		HideSolutionNode = FALSE
	EndGlobalSection
	GlobalSection(ExtensibilityGlobals) = postSolution
		SolutionGuid = {815ECA49-045F-463E-8BCD-43B5AA005141}
	EndGlobalSection
EndGlobal
