
Microsoft Visual Studio Solution File, Format Version 12.00
# Visual Studio Version 16
VisualStudioVersion = 16.0.32002.261
MinimumVisualStudioVersion = 10.0.40219.1
Project("{8BC9CEB8-8B4A-11D0-8D11-00A0C91BC942}") = "ex3-19", "ex3-19\ex3-19.vcxproj", "{E8666ADF-2474-4A09-A897-8A67CEF35547}"
EndProject
Global
	GlobalSection(SolutionConfigurationPlatforms) = preSolution
		Debug|x64 = Debug|x64
		Debug|x86 = Debug|x86
		Release|x64 = Release|x64
		Release|x86 = Release|x86
	EndGlobalSection
	GlobalSection(ProjectConfigurationPlatforms) = postSolution
		{E8666ADF-2474-4A09-A897-8A67CEF35547}.Debug|x64.ActiveCfg = Debug|x64
		{E8666ADF-2474-4A09-A897-8A67CEF35547}.Debug|x64.Build.0 = Debug|x64
		{E8666ADF-2474-4A09-A897-8A67CEF35547}.Debug|x86.ActiveCfg = Debug|Win32
		{E8666ADF-2474-4A09-A897-8A67CEF35547}.Debug|x86.Build.0 = Debug|Win32
		{E8666ADF-2474-4A09-A897-8A67CEF35547}.Release|x64.ActiveCfg = Release|x64
		{E8666ADF-2474-4A09-A897-8A67CEF35547}.Release|x64.Build.0 = Release|x64
		{E8666ADF-2474-4A09-A897-8A67CEF35547}.Release|x86.ActiveCfg = Release|Win32
		{E8666ADF-2474-4A09-A897-8A67CEF35547}.Release|x86.Build.0 = Release|Win32
	EndGlobalSection
	GlobalSection(SolutionProperties) = preSolution
		HideSolutionNode = FALSE
	EndGlobalSection
	GlobalSection(ExtensibilityGlobals) = postSolution
		SolutionGuid = {D05B8EEE-2C97-457F-81AB-AA55783A3483}
	EndGlobalSection
EndGlobal
