
Microsoft Visual Studio Solution File, Format Version 12.00
# Visual Studio Version 17
VisualStudioVersion = 17.1.32228.430
MinimumVisualStudioVersion = 10.0.40219.1
Project("{8BC9CEB8-8B4A-11D0-8D11-00A0C91BC942}") = "SP_01", "SP_01.vcxproj", "{293C7F63-2FF4-4B28-820B-13F6E2ED1917}"
EndProject
Global
	GlobalSection(SolutionConfigurationPlatforms) = preSolution
		Debug|x64 = Debug|x64
		Debug|x86 = Debug|x86
		Release|x64 = Release|x64
		Release|x86 = Release|x86
	EndGlobalSection
	GlobalSection(ProjectConfigurationPlatforms) = postSolution
		{293C7F63-2FF4-4B28-820B-13F6E2ED1917}.Debug|x64.ActiveCfg = Debug|x64
		{293C7F63-2FF4-4B28-820B-13F6E2ED1917}.Debug|x64.Build.0 = Debug|x64
		{293C7F63-2FF4-4B28-820B-13F6E2ED1917}.Debug|x86.ActiveCfg = Debug|Win32
		{293C7F63-2FF4-4B28-820B-13F6E2ED1917}.Debug|x86.Build.0 = Debug|Win32
		{293C7F63-2FF4-4B28-820B-13F6E2ED1917}.Release|x64.ActiveCfg = Release|x64
		{293C7F63-2FF4-4B28-820B-13F6E2ED1917}.Release|x64.Build.0 = Release|x64
		{293C7F63-2FF4-4B28-820B-13F6E2ED1917}.Release|x86.ActiveCfg = Release|Win32
		{293C7F63-2FF4-4B28-820B-13F6E2ED1917}.Release|x86.Build.0 = Release|Win32
	EndGlobalSection
	GlobalSection(SolutionProperties) = preSolution
		HideSolutionNode = FALSE
	EndGlobalSection
	GlobalSection(ExtensibilityGlobals) = postSolution
		SolutionGuid = {CB537BF3-624A-4E51-9987-07711276DEDE}
	EndGlobalSection
EndGlobal
