
Microsoft Visual Studio Solution File, Format Version 12.00
# Visual Studio Version 16
VisualStudioVersion = 16.0.32002.261
MinimumVisualStudioVersion = 10.0.40219.1
Project("{8BC9CEB8-8B4A-11D0-8D11-00A0C91BC942}") = "ex2-8", "ex2-8\ex2-8.vcxproj", "{D2FF2905-E526-4BD1-8537-F6E409985549}"
EndProject
Global
	GlobalSection(SolutionConfigurationPlatforms) = preSolution
		Debug|x64 = Debug|x64
		Debug|x86 = Debug|x86
		Release|x64 = Release|x64
		Release|x86 = Release|x86
	EndGlobalSection
	GlobalSection(ProjectConfigurationPlatforms) = postSolution
		{D2FF2905-E526-4BD1-8537-F6E409985549}.Debug|x64.ActiveCfg = Debug|x64
		{D2FF2905-E526-4BD1-8537-F6E409985549}.Debug|x64.Build.0 = Debug|x64
		{D2FF2905-E526-4BD1-8537-F6E409985549}.Debug|x86.ActiveCfg = Debug|Win32
		{D2FF2905-E526-4BD1-8537-F6E409985549}.Debug|x86.Build.0 = Debug|Win32
		{D2FF2905-E526-4BD1-8537-F6E409985549}.Release|x64.ActiveCfg = Release|x64
		{D2FF2905-E526-4BD1-8537-F6E409985549}.Release|x64.Build.0 = Release|x64
		{D2FF2905-E526-4BD1-8537-F6E409985549}.Release|x86.ActiveCfg = Release|Win32
		{D2FF2905-E526-4BD1-8537-F6E409985549}.Release|x86.Build.0 = Release|Win32
	EndGlobalSection
	GlobalSection(SolutionProperties) = preSolution
		HideSolutionNode = FALSE
	EndGlobalSection
	GlobalSection(ExtensibilityGlobals) = postSolution
		SolutionGuid = {B674D485-C555-41EF-98F8-7022B5187A25}
	EndGlobalSection
EndGlobal
