
Microsoft Visual Studio Solution File, Format Version 12.00
# Visual Studio Version 16
VisualStudioVersion = 16.0.32002.261
MinimumVisualStudioVersion = 10.0.40219.1
Project("{8BC9CEB8-8B4A-11D0-8D11-00A0C91BC942}") = "ex4-10_11", "ex4-10_11.vcxproj", "{C3FB7603-3140-402F-BDF9-A1D007748EB0}"
EndProject
Global
	GlobalSection(SolutionConfigurationPlatforms) = preSolution
		Debug|x64 = Debug|x64
		Debug|x86 = Debug|x86
		Release|x64 = Release|x64
		Release|x86 = Release|x86
	EndGlobalSection
	GlobalSection(ProjectConfigurationPlatforms) = postSolution
		{C3FB7603-3140-402F-BDF9-A1D007748EB0}.Debug|x64.ActiveCfg = Debug|x64
		{C3FB7603-3140-402F-BDF9-A1D007748EB0}.Debug|x64.Build.0 = Debug|x64
		{C3FB7603-3140-402F-BDF9-A1D007748EB0}.Debug|x86.ActiveCfg = Debug|Win32
		{C3FB7603-3140-402F-BDF9-A1D007748EB0}.Debug|x86.Build.0 = Debug|Win32
		{C3FB7603-3140-402F-BDF9-A1D007748EB0}.Release|x64.ActiveCfg = Release|x64
		{C3FB7603-3140-402F-BDF9-A1D007748EB0}.Release|x64.Build.0 = Release|x64
		{C3FB7603-3140-402F-BDF9-A1D007748EB0}.Release|x86.ActiveCfg = Release|Win32
		{C3FB7603-3140-402F-BDF9-A1D007748EB0}.Release|x86.Build.0 = Release|Win32
	EndGlobalSection
	GlobalSection(SolutionProperties) = preSolution
		HideSolutionNode = FALSE
	EndGlobalSection
	GlobalSection(ExtensibilityGlobals) = postSolution
		SolutionGuid = {96F0831C-C3C5-422E-A145-4C3ED5FC5B0D}
	EndGlobalSection
EndGlobal
